// !$*UTF8*$!
{
	archiveVersion = 1;
	classes = {
	};
	objectVersion = 48;
	objects = {

/* Begin PBXBuildFile section */
		1FDE30546CCAF0ED8B95F267 /* Pods_booktho.framework in Frameworks */ = {isa = PBXBuildFile; fileRef = F68B249569045C48094EE7AD /* Pods_booktho.framework */; };
		D91DDCC2206E340F00FC7B32 /* AppDelegate.swift in Sources */ = {isa = PBXBuildFile; fileRef = D91DDCC1206E340F00FC7B32 /* AppDelegate.swift */; };
		D91DDCC7206E340F00FC7B32 /* Main.storyboard in Resources */ = {isa = PBXBuildFile; fileRef = D91DDCC5206E340F00FC7B32 /* Main.storyboard */; };
		D91DDCC9206E340F00FC7B32 /* Assets.xcassets in Resources */ = {isa = PBXBuildFile; fileRef = D91DDCC8206E340F00FC7B32 /* Assets.xcassets */; };
		D91DDCCC206E340F00FC7B32 /* LaunchScreen.storyboard in Resources */ = {isa = PBXBuildFile; fileRef = D91DDCCA206E340F00FC7B32 /* LaunchScreen.storyboard */; };
		D91DDCDC206E502C00FC7B32 /* GoogleService-Info.plist in Resources */ = {isa = PBXBuildFile; fileRef = D91DDCDB206E502C00FC7B32 /* GoogleService-Info.plist */; };
		D9B3D3EE206E60DC00BDC55C /* ConnectionViewController.swift in Sources */ = {isa = PBXBuildFile; fileRef = D9B3D3ED206E60DC00BDC55C /* ConnectionViewController.swift */; };
		D9B3D3F0206E632F00BDC55C /* BoutonBooktho.swift in Sources */ = {isa = PBXBuildFile; fileRef = D9B3D3EF206E632F00BDC55C /* BoutonBooktho.swift */; };
		D9B3D3F3206E63C400BDC55C /* Constantes.swift in Sources */ = {isa = PBXBuildFile; fileRef = D9B3D3F2206E63C400BDC55C /* Constantes.swift */; };
		D9B3D3F5206E64AE00BDC55C /* LayerExtention.swift in Sources */ = {isa = PBXBuildFile; fileRef = D9B3D3F4206E64AE00BDC55C /* LayerExtention.swift */; };
		D9B3D3F7206E6BBA00BDC55C /* Alerte.swift in Sources */ = {isa = PBXBuildFile; fileRef = D9B3D3F6206E6BBA00BDC55C /* Alerte.swift */; };
		D9B3D3FA206E728900BDC55C /* FirebaseErreur.swift in Sources */ = {isa = PBXBuildFile; fileRef = D9B3D3F9206E728900BDC55C /* FirebaseErreur.swift */; };
/* End PBXBuildFile section */

/* Begin PBXFileReference section */
		66AEA9C8B5B75353FB09D5C0 /* Pods-booktho.debug.xcconfig */ = {isa = PBXFileReference; includeInIndex = 1; lastKnownFileType = text.xcconfig; name = "Pods-booktho.debug.xcconfig"; path = "Pods/Target Support Files/Pods-booktho/Pods-booktho.debug.xcconfig"; sourceTree = "<group>"; };
		8E6CDF3F2196858F11660671 /* Pods-booktho.release.xcconfig */ = {isa = PBXFileReference; includeInIndex = 1; lastKnownFileType = text.xcconfig; name = "Pods-booktho.release.xcconfig"; path = "Pods/Target Support Files/Pods-booktho/Pods-booktho.release.xcconfig"; sourceTree = "<group>"; };
		D91DDCBE206E340F00FC7B32 /* booktho.app */ = {isa = PBXFileReference; explicitFileType = wrapper.application; includeInIndex = 0; path = booktho.app; sourceTree = BUILT_PRODUCTS_DIR; };
		D91DDCC1206E340F00FC7B32 /* AppDelegate.swift */ = {isa = PBXFileReference; lastKnownFileType = sourcecode.swift; path = AppDelegate.swift; sourceTree = "<group>"; };
		D91DDCC6206E340F00FC7B32 /* Base */ = {isa = PBXFileReference; lastKnownFileType = file.storyboard; name = Base; path = Base.lproj/Main.storyboard; sourceTree = "<group>"; };
		D91DDCC8206E340F00FC7B32 /* Assets.xcassets */ = {isa = PBXFileReference; lastKnownFileType = folder.assetcatalog; path = Assets.xcassets; sourceTree = "<group>"; };
		D91DDCCB206E340F00FC7B32 /* Base */ = {isa = PBXFileReference; lastKnownFileType = file.storyboard; name = Base; path = Base.lproj/LaunchScreen.storyboard; sourceTree = "<group>"; };
		D91DDCCD206E340F00FC7B32 /* Info.plist */ = {isa = PBXFileReference; lastKnownFileType = text.plist.xml; path = Info.plist; sourceTree = "<group>"; };
		D91DDCDB206E502C00FC7B32 /* GoogleService-Info.plist */ = {isa = PBXFileReference; fileEncoding = 4; lastKnownFileType = text.plist.xml; path = "GoogleService-Info.plist"; sourceTree = "<group>"; };
		D9B3D3ED206E60DC00BDC55C /* ConnectionViewController.swift */ = {isa = PBXFileReference; lastKnownFileType = sourcecode.swift; path = ConnectionViewController.swift; sourceTree = "<group>"; };
		D9B3D3EF206E632F00BDC55C /* BoutonBooktho.swift */ = {isa = PBXFileReference; lastKnownFileType = sourcecode.swift; path = BoutonBooktho.swift; sourceTree = "<group>"; };
		D9B3D3F2206E63C400BDC55C /* Constantes.swift */ = {isa = PBXFileReference; lastKnownFileType = sourcecode.swift; path = Constantes.swift; sourceTree = "<group>"; };
		D9B3D3F4206E64AE00BDC55C /* LayerExtention.swift */ = {isa = PBXFileReference; lastKnownFileType = sourcecode.swift; path = LayerExtention.swift; sourceTree = "<group>"; };
		D9B3D3F6206E6BBA00BDC55C /* Alerte.swift */ = {isa = PBXFileReference; lastKnownFileType = sourcecode.swift; path = Alerte.swift; sourceTree = "<group>"; };
		D9B3D3F9206E728900BDC55C /* FirebaseErreur.swift */ = {isa = PBXFileReference; fileEncoding = 4; lastKnownFileType = sourcecode.swift; path = FirebaseErreur.swift; sourceTree = "<group>"; };
		F68B249569045C48094EE7AD /* Pods_booktho.framework */ = {isa = PBXFileReference; explicitFileType = wrapper.framework; includeInIndex = 0; path = Pods_booktho.framework; sourceTree = BUILT_PRODUCTS_DIR; };
/* End PBXFileReference section */

/* Begin PBXFrameworksBuildPhase section */
		D91DDCBB206E340F00FC7B32 /* Frameworks */ = {
			isa = PBXFrameworksBuildPhase;
			buildActionMask = 2147483647;
			files = (
				1FDE30546CCAF0ED8B95F267 /* Pods_booktho.framework in Frameworks */,
			);
			runOnlyForDeploymentPostprocessing = 0;
		};
/* End PBXFrameworksBuildPhase section */

/* Begin PBXGroup section */
		27DE5F22CEB4F5644A6DAC00 /* Pods */ = {
			isa = PBXGroup;
			children = (
				66AEA9C8B5B75353FB09D5C0 /* Pods-booktho.debug.xcconfig */,
				8E6CDF3F2196858F11660671 /* Pods-booktho.release.xcconfig */,
			);
			name = Pods;
			sourceTree = "<group>";
		};
		44E812B6F07205744D1CBA49 /* Frameworks */ = {
			isa = PBXGroup;
			children = (
				F68B249569045C48094EE7AD /* Pods_booktho.framework */,
			);
			name = Frameworks;
			sourceTree = "<group>";
		};
		D91DDCB5206E340F00FC7B32 = {
			isa = PBXGroup;
			children = (
				D91DDCC0206E340F00FC7B32 /* booktho */,
				D91DDCBF206E340F00FC7B32 /* Products */,
				27DE5F22CEB4F5644A6DAC00 /* Pods */,
				44E812B6F07205744D1CBA49 /* Frameworks */,
			);
			sourceTree = "<group>";
		};
		D91DDCBF206E340F00FC7B32 /* Products */ = {
			isa = PBXGroup;
			children = (
				D91DDCBE206E340F00FC7B32 /* booktho.app */,
			);
			name = Products;
			sourceTree = "<group>";
		};
		D91DDCC0206E340F00FC7B32 /* booktho */ = {
			isa = PBXGroup;
			children = (
				D9B3D3F8206E720700BDC55C /* monFireBase */,
				D9B3D3F1206E63AB00BDC55C /* Ressources */,
				D91DDCC1206E340F00FC7B32 /* AppDelegate.swift */,
				D91DDCDA206E367F00FC7B32 /* Model */,
				D91DDCD9206E367700FC7B32 /* View */,
				D91DDCD8206E366F00FC7B32 /* Controller */,
				D91DDCD7206E365B00FC7B32 /* storyBoard */,
				D91DDCD6206E365000FC7B32 /* plists */,
				D91DDCC8206E340F00FC7B32 /* Assets.xcassets */,
			);
			path = booktho;
			sourceTree = "<group>";
		};
		D91DDCD6206E365000FC7B32 /* plists */ = {
			isa = PBXGroup;
			children = (
				D91DDCDB206E502C00FC7B32 /* GoogleService-Info.plist */,
				D91DDCCD206E340F00FC7B32 /* Info.plist */,
			);
			path = plists;
			sourceTree = "<group>";
		};
		D91DDCD7206E365B00FC7B32 /* storyBoard */ = {
			isa = PBXGroup;
			children = (
				D91DDCC5206E340F00FC7B32 /* Main.storyboard */,
				D91DDCCA206E340F00FC7B32 /* LaunchScreen.storyboard */,
			);
			path = storyBoard;
			sourceTree = "<group>";
		};
		D91DDCD8206E366F00FC7B32 /* Controller */ = {
			isa = PBXGroup;
			children = (
				D9B3D3ED206E60DC00BDC55C /* ConnectionViewController.swift */,
				D9B3D3F6206E6BBA00BDC55C /* Alerte.swift */,
			);
			path = Controller;
			sourceTree = "<group>";
		};
		D91DDCD9206E367700FC7B32 /* View */ = {
			isa = PBXGroup;
			children = (
				D9B3D3EF206E632F00BDC55C /* BoutonBooktho.swift */,
				D9B3D3F4206E64AE00BDC55C /* LayerExtention.swift */,
			);
			path = View;
			sourceTree = "<group>";
		};
		D91DDCDA206E367F00FC7B32 /* Model */ = {
			isa = PBXGroup;
			children = (
			);
			path = Model;
			sourceTree = "<group>";
		};
		D9B3D3F1206E63AB00BDC55C /* Ressources */ = {
			isa = PBXGroup;
			children = (
				D9B3D3F2206E63C400BDC55C /* Constantes.swift */,
			);
			path = Ressources;
			sourceTree = "<group>";
		};
		D9B3D3F8206E720700BDC55C /* monFireBase */ = {
			isa = PBXGroup;
			children = (
				D9B3D3F9206E728900BDC55C /* FirebaseErreur.swift */,
			);
			path = monFireBase;
			sourceTree = "<group>";
		};
/* End PBXGroup section */

/* Begin PBXNativeTarget section */
		D91DDCBD206E340F00FC7B32 /* booktho */ = {
			isa = PBXNativeTarget;
			buildConfigurationList = D91DDCD0206E340F00FC7B32 /* Build configuration list for PBXNativeTarget "booktho" */;
			buildPhases = (
				556C46FEFE7C3F52E5074D79 /* [CP] Check Pods Manifest.lock */,
				D91DDCBA206E340F00FC7B32 /* Sources */,
				D91DDCBB206E340F00FC7B32 /* Frameworks */,
				D91DDCBC206E340F00FC7B32 /* Resources */,
				8A68262E2B4FF80E9624FF24 /* [CP] Embed Pods Frameworks */,
				0E285AA5B0A1361909DE29FE /* [CP] Copy Pods Resources */,
			);
			buildRules = (
			);
			dependencies = (
			);
			name = booktho;
			productName = booktho;
			productReference = D91DDCBE206E340F00FC7B32 /* booktho.app */;
			productType = "com.apple.product-type.application";
		};
/* End PBXNativeTarget section */

/* Begin PBXProject section */
		D91DDCB6206E340F00FC7B32 /* Project object */ = {
			isa = PBXProject;
			attributes = {
				LastSwiftUpdateCheck = 0920;
				LastUpgradeCheck = 0920;
				ORGANIZATIONNAME = christophe;
				TargetAttributes = {
					D91DDCBD206E340F00FC7B32 = {
						CreatedOnToolsVersion = 9.2;
						ProvisioningStyle = Automatic;
					};
				};
			};
			buildConfigurationList = D91DDCB9206E340F00FC7B32 /* Build configuration list for PBXProject "booktho" */;
			compatibilityVersion = "Xcode 8.0";
			developmentRegion = en;
			hasScannedForEncodings = 0;
			knownRegions = (
				en,
				Base,
			);
			mainGroup = D91DDCB5206E340F00FC7B32;
			productRefGroup = D91DDCBF206E340F00FC7B32 /* Products */;
			projectDirPath = "";
			projectRoot = "";
			targets = (
				D91DDCBD206E340F00FC7B32 /* booktho */,
			);
		};
/* End PBXProject section */

/* Begin PBXResourcesBuildPhase section */
		D91DDCBC206E340F00FC7B32 /* Resources */ = {
			isa = PBXResourcesBuildPhase;
			buildActionMask = 2147483647;
			files = (
				D91DDCCC206E340F00FC7B32 /* LaunchScreen.storyboard in Resources */,
				D91DDCDC206E502C00FC7B32 /* GoogleService-Info.plist in Resources */,
				D91DDCC9206E340F00FC7B32 /* Assets.xcassets in Resources */,
				D91DDCC7206E340F00FC7B32 /* Main.storyboard in Resources */,
			);
			runOnlyForDeploymentPostprocessing = 0;
		};
/* End PBXResourcesBuildPhase section */

/* Begin PBXShellScriptBuildPhase section */
		0E285AA5B0A1361909DE29FE /* [CP] Copy Pods Resources */ = {
			isa = PBXShellScriptBuildPhase;
			buildActionMask = 2147483647;
			files = (
			);
			inputPaths = (
			);
			name = "[CP] Copy Pods Resources";
			outputPaths = (
			);
			runOnlyForDeploymentPostprocessing = 0;
			shellPath = /bin/sh;
			shellScript = "\"${SRCROOT}/Pods/Target Support Files/Pods-booktho/Pods-booktho-resources.sh\"\n";
			showEnvVarsInLog = 0;
		};
		556C46FEFE7C3F52E5074D79 /* [CP] Check Pods Manifest.lock */ = {
			isa = PBXShellScriptBuildPhase;
			buildActionMask = 2147483647;
			files = (
			);
			inputPaths = (
				"${PODS_PODFILE_DIR_PATH}/Podfile.lock",
				"${PODS_ROOT}/Manifest.lock",
			);
			name = "[CP] Check Pods Manifest.lock";
			outputPaths = (
				"$(DERIVED_FILE_DIR)/Pods-booktho-checkManifestLockResult.txt",
			);
			runOnlyForDeploymentPostprocessing = 0;
			shellPath = /bin/sh;
			shellScript = "diff \"${PODS_PODFILE_DIR_PATH}/Podfile.lock\" \"${PODS_ROOT}/Manifest.lock\" > /dev/null\nif [ $? != 0 ] ; then\n    # print error to STDERR\n    echo \"error: The sandbox is not in sync with the Podfile.lock. Run 'pod install' or update your CocoaPods installation.\" >&2\n    exit 1\nfi\n# This output is used by Xcode 'outputs' to avoid re-running this script phase.\necho \"SUCCESS\" > \"${SCRIPT_OUTPUT_FILE_0}\"\n";
			showEnvVarsInLog = 0;
		};
		8A68262E2B4FF80E9624FF24 /* [CP] Embed Pods Frameworks */ = {
			isa = PBXShellScriptBuildPhase;
			buildActionMask = 2147483647;
			files = (
			);
			inputPaths = (
				"${SRCROOT}/Pods/Target Support Files/Pods-booktho/Pods-booktho-frameworks.sh",
				"${BUILT_PRODUCTS_DIR}/GTMSessionFetcher/GTMSessionFetcher.framework",
				"${BUILT_PRODUCTS_DIR}/GoogleToolboxForMac/GoogleToolboxForMac.framework",
				"${BUILT_PRODUCTS_DIR}/SDWebImage/SDWebImage.framework",
				"${BUILT_PRODUCTS_DIR}/leveldb-library/leveldb.framework",
				"${BUILT_PRODUCTS_DIR}/nanopb/nanopb.framework",
			);
			name = "[CP] Embed Pods Frameworks";
			outputPaths = (
				"${TARGET_BUILD_DIR}/${FRAMEWORKS_FOLDER_PATH}/GTMSessionFetcher.framework",
				"${TARGET_BUILD_DIR}/${FRAMEWORKS_FOLDER_PATH}/GoogleToolboxForMac.framework",
				"${TARGET_BUILD_DIR}/${FRAMEWORKS_FOLDER_PATH}/SDWebImage.framework",
				"${TARGET_BUILD_DIR}/${FRAMEWORKS_FOLDER_PATH}/leveldb.framework",
				"${TARGET_BUILD_DIR}/${FRAMEWORKS_FOLDER_PATH}/nanopb.framework",
			);
			runOnlyForDeploymentPostprocessing = 0;
			shellPath = /bin/sh;
			shellScript = "\"${SRCROOT}/Pods/Target Support Files/Pods-booktho/Pods-booktho-frameworks.sh\"\n";
			showEnvVarsInLog = 0;
		};
/* End PBXShellScriptBuildPhase section */

/* Begin PBXSourcesBuildPhase section */
		D91DDCBA206E340F00FC7B32 /* Sources */ = {
			isa = PBXSourcesBuildPhase;
			buildActionMask = 2147483647;
			files = (
				D9B3D3FA206E728900BDC55C /* FirebaseErreur.swift in Sources */,
				D9B3D3EE206E60DC00BDC55C /* ConnectionViewController.swift in Sources */,
				D9B3D3F5206E64AE00BDC55C /* LayerExtention.swift in Sources */,
				D9B3D3F3206E63C400BDC55C /* Constantes.swift in Sources */,
				D91DDCC2206E340F00FC7B32 /* AppDelegate.swift in Sources */,
				D9B3D3F7206E6BBA00BDC55C /* Alerte.swift in Sources */,
				D9B3D3F0206E632F00BDC55C /* BoutonBooktho.swift in Sources */,
			);
			runOnlyForDeploymentPostprocessing = 0;
		};
/* End PBXSourcesBuildPhase section */

/* Begin PBXVariantGroup section */
		D91DDCC5206E340F00FC7B32 /* Main.storyboard */ = {
			isa = PBXVariantGroup;
			children = (
				D91DDCC6206E340F00FC7B32 /* Base */,
			);
			name = Main.storyboard;
			sourceTree = "<group>";
		};
		D91DDCCA206E340F00FC7B32 /* LaunchScreen.storyboard */ = {
			isa = PBXVariantGroup;
			children = (
				D91DDCCB206E340F00FC7B32 /* Base */,
			);
			name = LaunchScreen.storyboard;
			sourceTree = "<group>";
		};
/* End PBXVariantGroup section */

/* Begin XCBuildConfiguration section */
		D91DDCCE206E340F00FC7B32 /* Debug */ = {
			isa = XCBuildConfiguration;
			buildSettings = {
				ALWAYS_SEARCH_USER_PATHS = NO;
				CLANG_ANALYZER_NONNULL = YES;
				CLANG_ANALYZER_NUMBER_OBJECT_CONVERSION = YES_AGGRESSIVE;
				CLANG_CXX_LANGUAGE_STANDARD = "gnu++14";
				CLANG_CXX_LIBRARY = "libc++";
				CLANG_ENABLE_MODULES = YES;
				CLANG_ENABLE_OBJC_ARC = YES;
				CLANG_WARN_BLOCK_CAPTURE_AUTORELEASING = YES;
				CLANG_WARN_BOOL_CONVERSION = YES;
				CLANG_WARN_COMMA = YES;
				CLANG_WARN_CONSTANT_CONVERSION = YES;
				CLANG_WARN_DIRECT_OBJC_ISA_USAGE = YES_ERROR;
				CLANG_WARN_DOCUMENTATION_COMMENTS = YES;
				CLANG_WARN_EMPTY_BODY = YES;
				CLANG_WARN_ENUM_CONVERSION = YES;
				CLANG_WARN_INFINITE_RECURSION = YES;
				CLANG_WARN_INT_CONVERSION = YES;
				CLANG_WARN_NON_LITERAL_NULL_CONVERSION = YES;
				CLANG_WARN_OBJC_LITERAL_CONVERSION = YES;
				CLANG_WARN_OBJC_ROOT_CLASS = YES_ERROR;
				CLANG_WARN_RANGE_LOOP_ANALYSIS = YES;
				CLANG_WARN_STRICT_PROTOTYPES = YES;
				CLANG_WARN_SUSPICIOUS_MOVE = YES;
				CLANG_WARN_UNGUARDED_AVAILABILITY = YES_AGGRESSIVE;
				CLANG_WARN_UNREACHABLE_CODE = YES;
				CLANG_WARN__DUPLICATE_METHOD_MATCH = YES;
				CODE_SIGN_IDENTITY = "iPhone Developer";
				COPY_PHASE_STRIP = NO;
				DEBUG_INFORMATION_FORMAT = dwarf;
				ENABLE_STRICT_OBJC_MSGSEND = YES;
				ENABLE_TESTABILITY = YES;
				GCC_C_LANGUAGE_STANDARD = gnu11;
				GCC_DYNAMIC_NO_PIC = NO;
				GCC_NO_COMMON_BLOCKS = YES;
				GCC_OPTIMIZATION_LEVEL = 0;
				GCC_PREPROCESSOR_DEFINITIONS = (
					"DEBUG=1",
					"$(inherited)",
				);
				GCC_WARN_64_TO_32_BIT_CONVERSION = YES;
				GCC_WARN_ABOUT_RETURN_TYPE = YES_ERROR;
				GCC_WARN_UNDECLARED_SELECTOR = YES;
				GCC_WARN_UNINITIALIZED_AUTOS = YES_AGGRESSIVE;
				GCC_WARN_UNUSED_FUNCTION = YES;
				GCC_WARN_UNUSED_VARIABLE = YES;
				IPHONEOS_DEPLOYMENT_TARGET = 11.2;
				MTL_ENABLE_DEBUG_INFO = YES;
				ONLY_ACTIVE_ARCH = YES;
				SDKROOT = iphoneos;
				SWIFT_ACTIVE_COMPILATION_CONDITIONS = DEBUG;
				SWIFT_OPTIMIZATION_LEVEL = "-Onone";
			};
			name = Debug;
		};
		D91DDCCF206E340F00FC7B32 /* Release */ = {
			isa = XCBuildConfiguration;
			buildSettings = {
				ALWAYS_SEARCH_USER_PATHS = NO;
				CLANG_ANALYZER_NONNULL = YES;
				CLANG_ANALYZER_NUMBER_OBJECT_CONVERSION = YES_AGGRESSIVE;
				CLANG_CXX_LANGUAGE_STANDARD = "gnu++14";
				CLANG_CXX_LIBRARY = "libc++";
				CLANG_ENABLE_MODULES = YES;
				CLANG_ENABLE_OBJC_ARC = YES;
				CLANG_WARN_BLOCK_CAPTURE_AUTORELEASING = YES;
				CLANG_WARN_BOOL_CONVERSION = YES;
				CLANG_WARN_COMMA = YES;
				CLANG_WARN_CONSTANT_CONVERSION = YES;
				CLANG_WARN_DIRECT_OBJC_ISA_USAGE = YES_ERROR;
				CLANG_WARN_DOCUMENTATION_COMMENTS = YES;
				CLANG_WARN_EMPTY_BODY = YES;
				CLANG_WARN_ENUM_CONVERSION = YES;
				CLANG_WARN_INFINITE_RECURSION = YES;
				CLANG_WARN_INT_CONVERSION = YES;
				CLANG_WARN_NON_LITERAL_NULL_CONVERSION = YES;
				CLANG_WARN_OBJC_LITERAL_CONVERSION = YES;
				CLANG_WARN_OBJC_ROOT_CLASS = YES_ERROR;
				CLANG_WARN_RANGE_LOOP_ANALYSIS = YES;
				CLANG_WARN_STRICT_PROTOTYPES = YES;
				CLANG_WARN_SUSPICIOUS_MOVE = YES;
				CLANG_WARN_UNGUARDED_AVAILABILITY = YES_AGGRESSIVE;
				CLANG_WARN_UNREACHABLE_CODE = YES;
				CLANG_WARN__DUPLICATE_METHOD_MATCH = YES;
				CODE_SIGN_IDENTITY = "iPhone Developer";
				COPY_PHASE_STRIP = NO;
				DEBUG_INFORMATION_FORMAT = "dwarf-with-dsym";
				ENABLE_NS_ASSERTIONS = NO;
				ENABLE_STRICT_OBJC_MSGSEND = YES;
				GCC_C_LANGUAGE_STANDARD = gnu11;
				GCC_NO_COMMON_BLOCKS = YES;
				GCC_WARN_64_TO_32_BIT_CONVERSION = YES;
				GCC_WARN_ABOUT_RETURN_TYPE = YES_ERROR;
				GCC_WARN_UNDECLARED_SELECTOR = YES;
				GCC_WARN_UNINITIALIZED_AUTOS = YES_AGGRESSIVE;
				GCC_WARN_UNUSED_FUNCTION = YES;
				GCC_WARN_UNUSED_VARIABLE = YES;
				IPHONEOS_DEPLOYMENT_TARGET = 11.2;
				MTL_ENABLE_DEBUG_INFO = NO;
				SDKROOT = iphoneos;
				SWIFT_OPTIMIZATION_LEVEL = "-Owholemodule";
				VALIDATE_PRODUCT = YES;
			};
			name = Release;
		};
		D91DDCD1206E340F00FC7B32 /* Debug */ = {
			isa = XCBuildConfiguration;
			baseConfigurationReference = 66AEA9C8B5B75353FB09D5C0 /* Pods-booktho.debug.xcconfig */;
			buildSettings = {
				ASSETCATALOG_COMPILER_APPICON_NAME = AppIcon;
				CODE_SIGN_STYLE = Automatic;
				DEVELOPMENT_TEAM = PVN8KMR8MY;
				INFOPLIST_FILE = "$(SRCROOT)/booktho/plists/Info.plist";
				LD_RUNPATH_SEARCH_PATHS = "$(inherited) @executable_path/Frameworks";
				PRODUCT_BUNDLE_IDENTIFIER = truong.booktho;
				PRODUCT_NAME = "$(TARGET_NAME)";
				SWIFT_VERSION = 4.0;
				TARGETED_DEVICE_FAMILY = "1,2";
			};
			name = Debug;
		};
		D91DDCD2206E340F00FC7B32 /* Release */ = {
			isa = XCBuildConfiguration;
			baseConfigurationReference = 8E6CDF3F2196858F11660671 /* Pods-booktho.release.xcconfig */;
			buildSettings = {
				ASSETCATALOG_COMPILER_APPICON_NAME = AppIcon;
				CODE_SIGN_STYLE = Automatic;
				DEVELOPMENT_TEAM = PVN8KMR8MY;
				INFOPLIST_FILE = "$(SRCROOT)/booktho/plists/Info.plist";
				LD_RUNPATH_SEARCH_PATHS = "$(inherited) @executable_path/Frameworks";
				PRODUCT_BUNDLE_IDENTIFIER = truong.booktho;
				PRODUCT_NAME = "$(TARGET_NAME)";
				SWIFT_VERSION = 4.0;
				TARGETED_DEVICE_FAMILY = "1,2";
			};
			name = Release;
		};
/* End XCBuildConfiguration section */

/* Begin XCConfigurationList section */
		D91DDCB9206E340F00FC7B32 /* Build configuration list for PBXProject "booktho" */ = {
			isa = XCConfigurationList;
			buildConfigurations = (
				D91DDCCE206E340F00FC7B32 /* Debug */,
				D91DDCCF206E340F00FC7B32 /* Release */,
			);
			defaultConfigurationIsVisible = 0;
			defaultConfigurationName = Release;
		};
		D91DDCD0206E340F00FC7B32 /* Build configuration list for PBXNativeTarget "booktho" */ = {
			isa = XCConfigurationList;
			buildConfigurations = (
				D91DDCD1206E340F00FC7B32 /* Debug */,
				D91DDCD2206E340F00FC7B32 /* Release */,
			);
			defaultConfigurationIsVisible = 0;
			defaultConfigurationName = Release;
		};
/* End XCConfigurationList section */
	};
	rootObject = D91DDCB6206E340F00FC7B32 /* Project object */;
}
